<?xml version="1.0" encoding="utf-8"?>
<Project ToolsVersion="4.0" xmlns="http://schemas.microsoft.com/developer/msbuild/2003">
  <ItemGroup>
    <ClInclude Include="cppDll.h" />
    <ClInclude Include="resource.h" />
  </ItemGroup>
  <ItemGroup>
    <ClCompile Include="CppDll.cpp" />
  </ItemGroup>
  <ItemGroup>
    <None Include="CppDll.def" />
  </ItemGroup>
</Project>